
Microsoft Visual Studio Solution File, Format Version 12.00
# Visual Studio 15
VisualStudioVersion = 15.0.26124.0
MinimumVisualStudioVersion = 15.0.26124.0
Project("{2150E333-8FDC-42A3-9474-1A3956D46DE8}") = "src", "src", "{B31A76A7-FEEC-4EE1-9146-A6A4BCF84DEB}"
EndProject
Project("{FAE04EC0-301F-11D3-BF4B-00C04F79EFBC}") = "Warden.Watchers.Performance", "src\Warden.Watchers.Performance\Warden.Watchers.Performance.csproj", "{0727EF17-5FCD-46AD-952B-89D397D669E3}"
EndProject
Project("{2150E333-8FDC-42A3-9474-1A3956D46DE8}") = "tests", "tests", "{C21DC681-9164-4B7A-9B5D-BEF09F40A575}"
EndProject
Project("{FAE04EC0-301F-11D3-BF4B-00C04F79EFBC}") = "Warden.Watchers.Performance.Tests", "tests\Warden.Watchers.Performance.Tests\Warden.Watchers.Performance.Tests.csproj", "{C876924A-AA1B-4977-A789-E294851A8AAB}"
EndProject
Global
	GlobalSection(SolutionConfigurationPlatforms) = preSolution
		Debug|Any CPU = Debug|Any CPU
		Debug|x64 = Debug|x64
		Debug|x86 = Debug|x86
		Release|Any CPU = Release|Any CPU
		Release|x64 = Release|x64
		Release|x86 = Release|x86
	EndGlobalSection
	GlobalSection(SolutionProperties) = preSolution
		HideSolutionNode = FALSE
	EndGlobalSection
	GlobalSection(ProjectConfigurationPlatforms) = postSolution
		{0727EF17-5FCD-46AD-952B-89D397D669E3}.Debug|Any CPU.ActiveCfg = Debug|Any CPU
		{0727EF17-5FCD-46AD-952B-89D397D669E3}.Debug|Any CPU.Build.0 = Debug|Any CPU
		{0727EF17-5FCD-46AD-952B-89D397D669E3}.Debug|x64.ActiveCfg = Debug|x64
		{0727EF17-5FCD-46AD-952B-89D397D669E3}.Debug|x64.Build.0 = Debug|x64
		{0727EF17-5FCD-46AD-952B-89D397D669E3}.Debug|x86.ActiveCfg = Debug|x86
		{0727EF17-5FCD-46AD-952B-89D397D669E3}.Debug|x86.Build.0 = Debug|x86
		{0727EF17-5FCD-46AD-952B-89D397D669E3}.Release|Any CPU.ActiveCfg = Release|Any CPU
		{0727EF17-5FCD-46AD-952B-89D397D669E3}.Release|Any CPU.Build.0 = Release|Any CPU
		{0727EF17-5FCD-46AD-952B-89D397D669E3}.Release|x64.ActiveCfg = Release|x64
		{0727EF17-5FCD-46AD-952B-89D397D669E3}.Release|x64.Build.0 = Release|x64
		{0727EF17-5FCD-46AD-952B-89D397D669E3}.Release|x86.ActiveCfg = Release|x86
		{0727EF17-5FCD-46AD-952B-89D397D669E3}.Release|x86.Build.0 = Release|x86
		{C876924A-AA1B-4977-A789-E294851A8AAB}.Debug|Any CPU.ActiveCfg = Debug|Any CPU
		{C876924A-AA1B-4977-A789-E294851A8AAB}.Debug|Any CPU.Build.0 = Debug|Any CPU
		{C876924A-AA1B-4977-A789-E294851A8AAB}.Debug|x64.ActiveCfg = Debug|x64
		{C876924A-AA1B-4977-A789-E294851A8AAB}.Debug|x64.Build.0 = Debug|x64
		{C876924A-AA1B-4977-A789-E294851A8AAB}.Debug|x86.ActiveCfg = Debug|x86
		{C876924A-AA1B-4977-A789-E294851A8AAB}.Debug|x86.Build.0 = Debug|x86
		{C876924A-AA1B-4977-A789-E294851A8AAB}.Release|Any CPU.ActiveCfg = Release|Any CPU
		{C876924A-AA1B-4977-A789-E294851A8AAB}.Release|Any CPU.Build.0 = Release|Any CPU
		{C876924A-AA1B-4977-A789-E294851A8AAB}.Release|x64.ActiveCfg = Release|x64
		{C876924A-AA1B-4977-A789-E294851A8AAB}.Release|x64.Build.0 = Release|x64
		{C876924A-AA1B-4977-A789-E294851A8AAB}.Release|x86.ActiveCfg = Release|x86
		{C876924A-AA1B-4977-A789-E294851A8AAB}.Release|x86.Build.0 = Release|x86
	EndGlobalSection
	GlobalSection(NestedProjects) = preSolution
		{0727EF17-5FCD-46AD-952B-89D397D669E3} = {B31A76A7-FEEC-4EE1-9146-A6A4BCF84DEB}
		{C876924A-AA1B-4977-A789-E294851A8AAB} = {C21DC681-9164-4B7A-9B5D-BEF09F40A575}
	EndGlobalSection
EndGlobal
